
Microsoft Visual Studio Solution File, Format Version 12.00
# Visual Studio Version 16
VisualStudioVersion = 16.0.32228.343
MinimumVisualStudioVersion = 10.0.40219.1
Project("{9A19103F-16F7-4668-BE54-9A1E7A4F7556}") = "raul", "..\kerim\Khro\raul.csproj", "{BA5D1560-6E58-4165-B09E-2DD7A72745D8}"
EndProject
Global
	GlobalSection(SolutionConfigurationPlatforms) = preSolution
		Debug|Any CPU = Debug|Any CPU
		Release|Any CPU = Release|Any CPU
	EndGlobalSection
	GlobalSection(ProjectConfigurationPlatforms) = postSolution
		{BA5D1560-6E58-4165-B09E-2DD7A72745D8}.Debug|Any CPU.ActiveCfg = Debug|Any CPU
		{BA5D1560-6E58-4165-B09E-2DD7A72745D8}.Debug|Any CPU.Build.0 = Debug|Any CPU
		{BA5D1560-6E58-4165-B09E-2DD7A72745D8}.Release|Any CPU.ActiveCfg = Release|Any CPU
		{BA5D1560-6E58-4165-B09E-2DD7A72745D8}.Release|Any CPU.Build.0 = Release|Any CPU
	EndGlobalSection
	GlobalSection(SolutionProperties) = preSolution
		HideSolutionNode = FALSE
	EndGlobalSection
	GlobalSection(ExtensibilityGlobals) = postSolution
		SolutionGuid = {7CC4D3B8-F189-40FB-897D-3420F6EC796A}
	EndGlobalSection
EndGlobal
